
Microsoft Visual Studio Solution File, Format Version 12.00
# Visual Studio Version 16
VisualStudioVersion = 16.0.30204.135
MinimumVisualStudioVersion = 10.0.40219.1
Project("{2150E333-8FDC-42A3-9474-1A3956D46DE8}") = "Domain", "Domain", "{D5D57E66-D0EA-4462-BF4A-C73089E6D54C}"
EndProject
Project("{2150E333-8FDC-42A3-9474-1A3956D46DE8}") = "Infraestructure", "Infraestructure", "{45C12A69-21F2-411A-9B2A-9245A9107839}"
EndProject
Project("{2150E333-8FDC-42A3-9474-1A3956D46DE8}") = "Services", "Services", "{25905D9C-B07A-4633-92F6-ECC4A0CA5508}"
EndProject
Project("{2150E333-8FDC-42A3-9474-1A3956D46DE8}") = "Services.Interfaces", "Services.Interfaces", "{CB09F6E6-DBB5-49EB-886B-1296C8184DDE}"
EndProject
Project("{2150E333-8FDC-42A3-9474-1A3956D46DE8}") = "WepApi", "WepApi", "{5D2EACA3-2155-4014-AEEB-06F03924A034}"
EndProject
Project("{FAE04EC0-301F-11D3-BF4B-00C04F79EFBC}") = "NOMENEX.Domain.Entities", "NOMENEX.Domain.Entities\NOMENEX.Domain.Entities.csproj", "{0F6F3B21-B69E-4198-8DAA-BF943EA9544C}"
EndProject
Project("{FAE04EC0-301F-11D3-BF4B-00C04F79EFBC}") = "NOMENEX.Domain.Interfaces", "NOMENEX.Domain.Interfaces\NOMENEX.Domain.Interfaces.csproj", "{ABCB019C-DD56-433F-8C0D-69B773EDA46D}"
EndProject
Project("{FAE04EC0-301F-11D3-BF4B-00C04F79EFBC}") = "NOMENEX.Data", "NOMENEX.Data\NOMENEX.Data.csproj", "{DE19AA53-B2AF-4B6B-92D5-E9ED0DB2BB8E}"
EndProject
Project("{FAE04EC0-301F-11D3-BF4B-00C04F79EFBC}") = "NOMENEX.Services.Interfaces", "NOMENEX.Services.Interfaces\NOMENEX.Services.Interfaces.csproj", "{5DBC13C2-1E9E-42B7-885C-6FD7068E7DBD}"
EndProject
Project("{FAE04EC0-301F-11D3-BF4B-00C04F79EFBC}") = "NOMENEX.Services", "NOMENEX.Services\NOMENEX.Services.csproj", "{635EDA40-FFBC-4DBC-88E4-B42B6EB3BA4A}"
EndProject
Project("{FAE04EC0-301F-11D3-BF4B-00C04F79EFBC}") = "NOMENEX.WebApi", "NOMENEX.WebApi\NOMENEX.WebApi.csproj", "{A68E920B-BEA7-4FBD-B0A9-2999619B919E}"
EndProject
Global
	GlobalSection(SolutionConfigurationPlatforms) = preSolution
		Debug|Any CPU = Debug|Any CPU
		Release|Any CPU = Release|Any CPU
	EndGlobalSection
	GlobalSection(ProjectConfigurationPlatforms) = postSolution
		{0F6F3B21-B69E-4198-8DAA-BF943EA9544C}.Debug|Any CPU.ActiveCfg = Debug|Any CPU
		{0F6F3B21-B69E-4198-8DAA-BF943EA9544C}.Debug|Any CPU.Build.0 = Debug|Any CPU
		{0F6F3B21-B69E-4198-8DAA-BF943EA9544C}.Release|Any CPU.ActiveCfg = Release|Any CPU
		{0F6F3B21-B69E-4198-8DAA-BF943EA9544C}.Release|Any CPU.Build.0 = Release|Any CPU
		{ABCB019C-DD56-433F-8C0D-69B773EDA46D}.Debug|Any CPU.ActiveCfg = Debug|Any CPU
		{ABCB019C-DD56-433F-8C0D-69B773EDA46D}.Debug|Any CPU.Build.0 = Debug|Any CPU
		{ABCB019C-DD56-433F-8C0D-69B773EDA46D}.Release|Any CPU.ActiveCfg = Release|Any CPU
		{ABCB019C-DD56-433F-8C0D-69B773EDA46D}.Release|Any CPU.Build.0 = Release|Any CPU
		{DE19AA53-B2AF-4B6B-92D5-E9ED0DB2BB8E}.Debug|Any CPU.ActiveCfg = Debug|Any CPU
		{DE19AA53-B2AF-4B6B-92D5-E9ED0DB2BB8E}.Debug|Any CPU.Build.0 = Debug|Any CPU
		{DE19AA53-B2AF-4B6B-92D5-E9ED0DB2BB8E}.Release|Any CPU.ActiveCfg = Release|Any CPU
		{DE19AA53-B2AF-4B6B-92D5-E9ED0DB2BB8E}.Release|Any CPU.Build.0 = Release|Any CPU
		{5DBC13C2-1E9E-42B7-885C-6FD7068E7DBD}.Debug|Any CPU.ActiveCfg = Debug|Any CPU
		{5DBC13C2-1E9E-42B7-885C-6FD7068E7DBD}.Debug|Any CPU.Build.0 = Debug|Any CPU
		{5DBC13C2-1E9E-42B7-885C-6FD7068E7DBD}.Release|Any CPU.ActiveCfg = Release|Any CPU
		{5DBC13C2-1E9E-42B7-885C-6FD7068E7DBD}.Release|Any CPU.Build.0 = Release|Any CPU
		{635EDA40-FFBC-4DBC-88E4-B42B6EB3BA4A}.Debug|Any CPU.ActiveCfg = Debug|Any CPU
		{635EDA40-FFBC-4DBC-88E4-B42B6EB3BA4A}.Debug|Any CPU.Build.0 = Debug|Any CPU
		{635EDA40-FFBC-4DBC-88E4-B42B6EB3BA4A}.Release|Any CPU.ActiveCfg = Release|Any CPU
		{635EDA40-FFBC-4DBC-88E4-B42B6EB3BA4A}.Release|Any CPU.Build.0 = Release|Any CPU
		{A68E920B-BEA7-4FBD-B0A9-2999619B919E}.Debug|Any CPU.ActiveCfg = Debug|Any CPU
		{A68E920B-BEA7-4FBD-B0A9-2999619B919E}.Debug|Any CPU.Build.0 = Debug|Any CPU
		{A68E920B-BEA7-4FBD-B0A9-2999619B919E}.Release|Any CPU.ActiveCfg = Release|Any CPU
		{A68E920B-BEA7-4FBD-B0A9-2999619B919E}.Release|Any CPU.Build.0 = Release|Any CPU
	EndGlobalSection
	GlobalSection(SolutionProperties) = preSolution
		HideSolutionNode = FALSE
	EndGlobalSection
	GlobalSection(NestedProjects) = preSolution
		{0F6F3B21-B69E-4198-8DAA-BF943EA9544C} = {D5D57E66-D0EA-4462-BF4A-C73089E6D54C}
		{ABCB019C-DD56-433F-8C0D-69B773EDA46D} = {D5D57E66-D0EA-4462-BF4A-C73089E6D54C}
		{DE19AA53-B2AF-4B6B-92D5-E9ED0DB2BB8E} = {45C12A69-21F2-411A-9B2A-9245A9107839}
		{5DBC13C2-1E9E-42B7-885C-6FD7068E7DBD} = {CB09F6E6-DBB5-49EB-886B-1296C8184DDE}
		{635EDA40-FFBC-4DBC-88E4-B42B6EB3BA4A} = {25905D9C-B07A-4633-92F6-ECC4A0CA5508}
		{A68E920B-BEA7-4FBD-B0A9-2999619B919E} = {5D2EACA3-2155-4014-AEEB-06F03924A034}
	EndGlobalSection
	GlobalSection(ExtensibilityGlobals) = postSolution
		SolutionGuid = {86CE9763-AB42-49FE-AC58-454B03B4D072}
	EndGlobalSection
EndGlobal
